
Microsoft Visual Studio Solution File, Format Version 12.00
# Visual Studio Version 16
VisualStudioVersion = 16.0.29324.140
MinimumVisualStudioVersion = 10.0.40219.1
Project("{FAE04EC0-301F-11D3-BF4B-00C04F79EFBC}") = "Zadacha1", "Word13\Zadacha1.csproj", "{D11DF1AF-B67D-4FCB-9067-5074D0C41832}"
EndProject
Project("{FAE04EC0-301F-11D3-BF4B-00C04F79EFBC}") = "Zadacha2", "Zadacha2\Zadacha2.csproj", "{76C0D45F-870D-48D2-993F-0F9BB5D52D89}"
EndProject
Project("{FAE04EC0-301F-11D3-BF4B-00C04F79EFBC}") = "Zadacha3", "Zadacha3\Zadacha3.csproj", "{8265BA81-D420-4482-A990-6915257FAD10}"
EndProject
Project("{FAE04EC0-301F-11D3-BF4B-00C04F79EFBC}") = "Zadacha4", "Zadacha4\Zadacha4.csproj", "{A7650F5E-F6D8-4F3B-B296-B42886A049F1}"
EndProject
Global
	GlobalSection(SolutionConfigurationPlatforms) = preSolution
		Debug|Any CPU = Debug|Any CPU
		Release|Any CPU = Release|Any CPU
	EndGlobalSection
	GlobalSection(ProjectConfigurationPlatforms) = postSolution
		{D11DF1AF-B67D-4FCB-9067-5074D0C41832}.Debug|Any CPU.ActiveCfg = Debug|Any CPU
		{D11DF1AF-B67D-4FCB-9067-5074D0C41832}.Debug|Any CPU.Build.0 = Debug|Any CPU
		{D11DF1AF-B67D-4FCB-9067-5074D0C41832}.Release|Any CPU.ActiveCfg = Release|Any CPU
		{D11DF1AF-B67D-4FCB-9067-5074D0C41832}.Release|Any CPU.Build.0 = Release|Any CPU
		{76C0D45F-870D-48D2-993F-0F9BB5D52D89}.Debug|Any CPU.ActiveCfg = Debug|Any CPU
		{76C0D45F-870D-48D2-993F-0F9BB5D52D89}.Debug|Any CPU.Build.0 = Debug|Any CPU
		{76C0D45F-870D-48D2-993F-0F9BB5D52D89}.Release|Any CPU.ActiveCfg = Release|Any CPU
		{76C0D45F-870D-48D2-993F-0F9BB5D52D89}.Release|Any CPU.Build.0 = Release|Any CPU
		{8265BA81-D420-4482-A990-6915257FAD10}.Debug|Any CPU.ActiveCfg = Debug|Any CPU
		{8265BA81-D420-4482-A990-6915257FAD10}.Debug|Any CPU.Build.0 = Debug|Any CPU
		{8265BA81-D420-4482-A990-6915257FAD10}.Release|Any CPU.ActiveCfg = Release|Any CPU
		{8265BA81-D420-4482-A990-6915257FAD10}.Release|Any CPU.Build.0 = Release|Any CPU
		{A7650F5E-F6D8-4F3B-B296-B42886A049F1}.Debug|Any CPU.ActiveCfg = Debug|Any CPU
		{A7650F5E-F6D8-4F3B-B296-B42886A049F1}.Debug|Any CPU.Build.0 = Debug|Any CPU
		{A7650F5E-F6D8-4F3B-B296-B42886A049F1}.Release|Any CPU.ActiveCfg = Release|Any CPU
		{A7650F5E-F6D8-4F3B-B296-B42886A049F1}.Release|Any CPU.Build.0 = Release|Any CPU
	EndGlobalSection
	GlobalSection(SolutionProperties) = preSolution
		HideSolutionNode = FALSE
	EndGlobalSection
	GlobalSection(ExtensibilityGlobals) = postSolution
		SolutionGuid = {BA12C03B-0700-46AC-A960-D9DB669838D7}
	EndGlobalSection
EndGlobal
